
Microsoft Visual Studio Solution File, Format Version 12.00
# Visual Studio Version 16
VisualStudioVersion = 16.0.29009.5
MinimumVisualStudioVersion = 10.0.40219.1
Project("{9A19103F-16F7-4668-BE54-9A1E7A4F7556}") = "Graph.Community", "src\Graph.Community.csproj", "{171EB7E2-14A2-4892-AA83-87267FA35B49}"
EndProject
Project("{9A19103F-16F7-4668-BE54-9A1E7A4F7556}") = "Graph.Community.Test", "test\Graph.Community.Test.csproj", "{2B36A2DA-4344-4344-A2C7-C0D4454A654F}"
EndProject
Project("{2150E333-8FDC-42A3-9474-1A3956D46DE8}") = "Solution Items", "Solution Items", "{F3C4DFCE-0688-421A-B8E4-C0A9409DB6A0}"
	ProjectSection(SolutionItems) = preProject
		.editorconfig = .editorconfig
		azure-pipelines.yml = azure-pipelines.yml
		CONTRIBUTING.md = CONTRIBUTING.md
		LICENSE = LICENSE
		README.md = README.md
		docs\ROADMAP.md = docs\ROADMAP.md
	EndProjectSection
EndProject
Global
	GlobalSection(SolutionConfigurationPlatforms) = preSolution
		Debug|Any CPU = Debug|Any CPU
		Release|Any CPU = Release|Any CPU
	EndGlobalSection
	GlobalSection(ProjectConfigurationPlatforms) = postSolution
		{171EB7E2-14A2-4892-AA83-87267FA35B49}.Debug|Any CPU.ActiveCfg = Debug|Any CPU
		{171EB7E2-14A2-4892-AA83-87267FA35B49}.Debug|Any CPU.Build.0 = Debug|Any CPU
		{171EB7E2-14A2-4892-AA83-87267FA35B49}.Release|Any CPU.ActiveCfg = Release|Any CPU
		{171EB7E2-14A2-4892-AA83-87267FA35B49}.Release|Any CPU.Build.0 = Release|Any CPU
		{2B36A2DA-4344-4344-A2C7-C0D4454A654F}.Debug|Any CPU.ActiveCfg = Debug|Any CPU
		{2B36A2DA-4344-4344-A2C7-C0D4454A654F}.Debug|Any CPU.Build.0 = Debug|Any CPU
		{2B36A2DA-4344-4344-A2C7-C0D4454A654F}.Release|Any CPU.ActiveCfg = Release|Any CPU
		{2B36A2DA-4344-4344-A2C7-C0D4454A654F}.Release|Any CPU.Build.0 = Release|Any CPU
	EndGlobalSection
	GlobalSection(SolutionProperties) = preSolution
		HideSolutionNode = FALSE
	EndGlobalSection
	GlobalSection(ExtensibilityGlobals) = postSolution
		SolutionGuid = {89E76116-7821-43DA-8315-F24B953C4496}
	EndGlobalSection
EndGlobal
